
Microsoft Visual Studio Solution File, Format Version 12.00
# Visual Studio 15
VisualStudioVersion = 15.0.27130.2027
MinimumVisualStudioVersion = 10.0.40219.1
Project("{9A19103F-16F7-4668-BE54-9A1E7A4F7556}") = "EliteJsonApi", "EliteJsonApi\EliteJsonApi.csproj", "{B6674F96-511D-4D84-9EE0-62C565C8DA36}"
EndProject
Project("{9A19103F-16F7-4668-BE54-9A1E7A4F7556}") = "ImportJsonAndCsv", "ImportJSON\ImportJsonAndCsv.csproj", "{1FA8BB85-C535-4EBC-B4BC-EED5536DBCA2}"
EndProject
Project("{FAE04EC0-301F-11D3-BF4B-00C04F79EFBC}") = "EliteJsonApi.Tests", "EliteJsonApi.Tests\EliteJsonApi.Tests.csproj", "{F5113CD9-F9E7-4F7C-9C8E-B7C111A13E98}"
EndProject
Global
	GlobalSection(SolutionConfigurationPlatforms) = preSolution
		Debug|Any CPU = Debug|Any CPU
		Debug|x64 = Debug|x64
		Debug|x86 = Debug|x86
		Release|Any CPU = Release|Any CPU
		Release|x64 = Release|x64
		Release|x86 = Release|x86
	EndGlobalSection
	GlobalSection(ProjectConfigurationPlatforms) = postSolution
		{B6674F96-511D-4D84-9EE0-62C565C8DA36}.Debug|Any CPU.ActiveCfg = Debug|Any CPU
		{B6674F96-511D-4D84-9EE0-62C565C8DA36}.Debug|Any CPU.Build.0 = Debug|Any CPU
		{B6674F96-511D-4D84-9EE0-62C565C8DA36}.Debug|x64.ActiveCfg = Debug|Any CPU
		{B6674F96-511D-4D84-9EE0-62C565C8DA36}.Debug|x64.Build.0 = Debug|Any CPU
		{B6674F96-511D-4D84-9EE0-62C565C8DA36}.Debug|x86.ActiveCfg = Debug|Any CPU
		{B6674F96-511D-4D84-9EE0-62C565C8DA36}.Debug|x86.Build.0 = Debug|Any CPU
		{B6674F96-511D-4D84-9EE0-62C565C8DA36}.Release|Any CPU.ActiveCfg = Release|Any CPU
		{B6674F96-511D-4D84-9EE0-62C565C8DA36}.Release|Any CPU.Build.0 = Release|Any CPU
		{B6674F96-511D-4D84-9EE0-62C565C8DA36}.Release|x64.ActiveCfg = Release|Any CPU
		{B6674F96-511D-4D84-9EE0-62C565C8DA36}.Release|x64.Build.0 = Release|Any CPU
		{B6674F96-511D-4D84-9EE0-62C565C8DA36}.Release|x86.ActiveCfg = Release|Any CPU
		{B6674F96-511D-4D84-9EE0-62C565C8DA36}.Release|x86.Build.0 = Release|Any CPU
		{1FA8BB85-C535-4EBC-B4BC-EED5536DBCA2}.Debug|Any CPU.ActiveCfg = Debug|Any CPU
		{1FA8BB85-C535-4EBC-B4BC-EED5536DBCA2}.Debug|Any CPU.Build.0 = Debug|Any CPU
		{1FA8BB85-C535-4EBC-B4BC-EED5536DBCA2}.Debug|x64.ActiveCfg = Debug|Any CPU
		{1FA8BB85-C535-4EBC-B4BC-EED5536DBCA2}.Debug|x64.Build.0 = Debug|Any CPU
		{1FA8BB85-C535-4EBC-B4BC-EED5536DBCA2}.Debug|x86.ActiveCfg = Debug|Any CPU
		{1FA8BB85-C535-4EBC-B4BC-EED5536DBCA2}.Debug|x86.Build.0 = Debug|Any CPU
		{1FA8BB85-C535-4EBC-B4BC-EED5536DBCA2}.Release|Any CPU.ActiveCfg = Release|Any CPU
		{1FA8BB85-C535-4EBC-B4BC-EED5536DBCA2}.Release|Any CPU.Build.0 = Release|Any CPU
		{1FA8BB85-C535-4EBC-B4BC-EED5536DBCA2}.Release|x64.ActiveCfg = Release|Any CPU
		{1FA8BB85-C535-4EBC-B4BC-EED5536DBCA2}.Release|x64.Build.0 = Release|Any CPU
		{1FA8BB85-C535-4EBC-B4BC-EED5536DBCA2}.Release|x86.ActiveCfg = Release|Any CPU
		{1FA8BB85-C535-4EBC-B4BC-EED5536DBCA2}.Release|x86.Build.0 = Release|Any CPU
		{F5113CD9-F9E7-4F7C-9C8E-B7C111A13E98}.Debug|Any CPU.ActiveCfg = Debug|Any CPU
		{F5113CD9-F9E7-4F7C-9C8E-B7C111A13E98}.Debug|Any CPU.Build.0 = Debug|Any CPU
		{F5113CD9-F9E7-4F7C-9C8E-B7C111A13E98}.Debug|x64.ActiveCfg = Debug|Any CPU
		{F5113CD9-F9E7-4F7C-9C8E-B7C111A13E98}.Debug|x64.Build.0 = Debug|Any CPU
		{F5113CD9-F9E7-4F7C-9C8E-B7C111A13E98}.Debug|x86.ActiveCfg = Debug|Any CPU
		{F5113CD9-F9E7-4F7C-9C8E-B7C111A13E98}.Debug|x86.Build.0 = Debug|Any CPU
		{F5113CD9-F9E7-4F7C-9C8E-B7C111A13E98}.Release|Any CPU.ActiveCfg = Release|Any CPU
		{F5113CD9-F9E7-4F7C-9C8E-B7C111A13E98}.Release|Any CPU.Build.0 = Release|Any CPU
		{F5113CD9-F9E7-4F7C-9C8E-B7C111A13E98}.Release|x64.ActiveCfg = Release|Any CPU
		{F5113CD9-F9E7-4F7C-9C8E-B7C111A13E98}.Release|x64.Build.0 = Release|Any CPU
		{F5113CD9-F9E7-4F7C-9C8E-B7C111A13E98}.Release|x86.ActiveCfg = Release|Any CPU
		{F5113CD9-F9E7-4F7C-9C8E-B7C111A13E98}.Release|x86.Build.0 = Release|Any CPU
	EndGlobalSection
	GlobalSection(SolutionProperties) = preSolution
		HideSolutionNode = FALSE
	EndGlobalSection
	GlobalSection(ExtensibilityGlobals) = postSolution
		SolutionGuid = {C0CAD3B2-BE95-4363-9A85-C5A2D9B3F1E8}
	EndGlobalSection
EndGlobal
